
Microsoft Visual Studio Solution File, Format Version 12.00
# Visual Studio Version 16
VisualStudioVersion = 16.0.30711.63
MinimumVisualStudioVersion = 10.0.40219.1
Project("{2150E333-8FDC-42A3-9474-1A3956D46DE8}") = "src", "src", "{B397AA7B-6A34-4C8F-94E3-7404060BB241}"
EndProject
Project("{2150E333-8FDC-42A3-9474-1A3956D46DE8}") = "tests", "tests", "{631323E4-0A14-400A-8E40-0F953A35305A}"
EndProject
Project("{9A19103F-16F7-4668-BE54-9A1E7A4F7556}") = "Unicorn.FrameworkTests", "Unicorn.FrameworkTests\Unicorn.FrameworkTests.csproj", "{BC80F00C-C9BC-4C4C-AC46-688E9FE1D631}"
EndProject
Project("{9A19103F-16F7-4668-BE54-9A1E7A4F7556}") = "Unicorn.Logging", "Unicorn.Logging\Unicorn.Logging.csproj", "{FFA34905-DA9C-4A2D-B2AE-296AF36C5ED9}"
EndProject
Project("{9A19103F-16F7-4668-BE54-9A1E7A4F7556}") = "Unicorn.NUnit", "Unicorn.NUnit\Unicorn.NUnit.csproj", "{07B66FA1-603B-4F2D-BF6A-1AE0FFD6E8B0}"
EndProject
Project("{9A19103F-16F7-4668-BE54-9A1E7A4F7556}") = "Unicorn.Configuration", "Unicorn.Configuration\Unicorn.Configuration.csproj", "{6F032AB0-93AC-4A02-B9D9-80451002A650}"
EndProject
Project("{9A19103F-16F7-4668-BE54-9A1E7A4F7556}") = "Unicorn.Factory", "Unicorn.Factory\Unicorn.Factory.csproj", "{4D814071-DBD7-418F-A511-4A7F06F9F5C0}"
EndProject
Project("{9A19103F-16F7-4668-BE54-9A1E7A4F7556}") = "Unicorn.Contracts", "Unicorn.Interfaces\Unicorn.Contracts.csproj", "{4217C615-6962-4851-9EEC-81691F7B987C}"
EndProject
Project("{9A19103F-16F7-4668-BE54-9A1E7A4F7556}") = "Unicorn.Container", "Unicorn.Container\Unicorn.Container.csproj", "{CF02EC9C-D248-4F9D-97A3-1FAA81B51296}"
EndProject
Project("{2150E333-8FDC-42A3-9474-1A3956D46DE8}") = "web", "web", "{C848EF57-362F-4D7C-9D7B-35BDA7112201}"
EndProject
Project("{9A19103F-16F7-4668-BE54-9A1E7A4F7556}") = "Unicorn.Web", "Unicorn.Web\Unicorn.Web.csproj", "{4562A1E3-C9EB-4BC2-A13B-6FE54BB344FC}"
EndProject
Project("{2150E333-8FDC-42A3-9474-1A3956D46DE8}") = "desktop", "desktop", "{3355F289-939D-4522-978A-9CB02736A36E}"
EndProject
Project("{9A19103F-16F7-4668-BE54-9A1E7A4F7556}") = "Unicorn.Desktop", "Unicorn.Desktop\Unicorn.Desktop.csproj", "{1F5912C1-F900-418B-A35C-910DE05122DA}"
EndProject
Project("{2150E333-8FDC-42A3-9474-1A3956D46DE8}") = "mobile", "mobile", "{E9A38D6E-8CF2-405F-859C-3C5B042170C1}"
EndProject
Project("{9A19103F-16F7-4668-BE54-9A1E7A4F7556}") = "Unicorn.Mobile", "Unicorn.Mobile\Unicorn.Mobile.csproj", "{18784E12-C77B-40DF-A5E9-35B6C181A02E}"
EndProject
Project("{2150E333-8FDC-42A3-9474-1A3956D46DE8}") = "REST", "REST", "{592661FA-71BE-4B1F-9E70-1AAA59FCC92B}"
EndProject
Project("{9A19103F-16F7-4668-BE54-9A1E7A4F7556}") = "Unicorn.REST", "Unicorn.REST\Unicorn.REST.csproj", "{4C277DB7-565A-494A-B948-07541C36AA96}"
EndProject
Project("{9A19103F-16F7-4668-BE54-9A1E7A4F7556}") = "Unicorn.Plugins", "Unicorn.Plugins\Unicorn.Plugins.csproj", "{962998A5-A11A-41AC-B09B-A59E4673F4DF}"
EndProject
Project("{9A19103F-16F7-4668-BE54-9A1E7A4F7556}") = "Unicorn.Plugins.Screenshot", "Unicorn.Plugins.Screenshot\Unicorn.Plugins.Screenshot.csproj", "{394C9BD5-D445-4E1A-A0B0-9CBE841AD311}"
EndProject
Project("{9A19103F-16F7-4668-BE54-9A1E7A4F7556}") = "Unicorn.Plugins.VideoRecording", "Unicorn.Plugins.VideoRecording\Unicorn.Plugins.VideoRecording.csproj", "{4F41192C-10D4-495E-8824-F84BAC1356ED}"
EndProject
Project("{9A19103F-16F7-4668-BE54-9A1E7A4F7556}") = "Unicorn.Web.Plugins.Browser", "Unicorn.Web.Plugins.Browsers\Unicorn.Web.Plugins.Browser.csproj", "{DB07ECF0-7ECD-4DD0-A4FF-B0B660141AE5}"
EndProject
Project("{9A19103F-16F7-4668-BE54-9A1E7A4F7556}") = "Unicorn.Desktop.Plugins", "Unicorn.Desktop.Plugins\Unicorn.Desktop.Plugins.csproj", "{9BE143F4-B63F-4109-AE50-E13C9B47BF00}"
EndProject
Project("{9A19103F-16F7-4668-BE54-9A1E7A4F7556}") = "Unicorn.REST.Plugins", "Unicorn.REST.Plugins\Unicorn.REST.Plugins.csproj", "{E7BE7A81-F79A-4884-B15D-C7D95B085ED1}"
EndProject
Project("{9A19103F-16F7-4668-BE54-9A1E7A4F7556}") = "Unicorn.Mobile.Plugins", "Unicorn.Mobile.Plugins\Unicorn.Mobile.Plugins.csproj", "{2CD1AAA8-5564-40FB-B7CE-D8B9C1A5093A}"
EndProject
Project("{2150E333-8FDC-42A3-9474-1A3956D46DE8}") = "Solution Items", "Solution Items", "{8CB66DCD-F477-480C-AA10-6E4009ED8B1D}"
	ProjectSection(SolutionItems) = preProject
		.editorconfig = .editorconfig
		sharedInfo.targets = sharedInfo.targets
		stylecop.json = stylecop.json
		StyleCopeRules.ruleset = StyleCopeRules.ruleset
		ToDo.txt = ToDo.txt
	EndProjectSection
EndProject
Project("{9A19103F-16F7-4668-BE54-9A1E7A4F7556}") = "Unicorn.App", "Unicorn.App\Unicorn.App.csproj", "{1A62229E-B6F4-4D74-8DF6-F7E49BDF0715}"
EndProject
Project("{9A19103F-16F7-4668-BE54-9A1E7A4F7556}") = "Unicorn.Utilities", "Unicorn.Utilities\Unicorn.Utilities.csproj", "{ADD1DBE7-4281-4B26-B37C-114D855F1238}"
EndProject
Project("{9A19103F-16F7-4668-BE54-9A1E7A4F7556}") = "Unicorn.Web.Proxy", "Unicorn.Web.Proxy\Unicorn.Web.Proxy.csproj", "{115500CD-AA04-4922-8083-9C10DF45DAAE}"
EndProject
Project("{FAE04EC0-301F-11D3-BF4B-00C04F79EFBC}") = "DemoPageTests", "DemoPageTests\DemoPageTests.csproj", "{8FC479FF-3381-4AD5-B931-F645B0788D71}"
EndProject
Global
	GlobalSection(SolutionConfigurationPlatforms) = preSolution
		Debug|Any CPU = Debug|Any CPU
		Release|Any CPU = Release|Any CPU
	EndGlobalSection
	GlobalSection(ProjectConfigurationPlatforms) = postSolution
		{BC80F00C-C9BC-4C4C-AC46-688E9FE1D631}.Debug|Any CPU.ActiveCfg = Debug|Any CPU
		{BC80F00C-C9BC-4C4C-AC46-688E9FE1D631}.Debug|Any CPU.Build.0 = Debug|Any CPU
		{BC80F00C-C9BC-4C4C-AC46-688E9FE1D631}.Release|Any CPU.ActiveCfg = Release|Any CPU
		{BC80F00C-C9BC-4C4C-AC46-688E9FE1D631}.Release|Any CPU.Build.0 = Release|Any CPU
		{FFA34905-DA9C-4A2D-B2AE-296AF36C5ED9}.Debug|Any CPU.ActiveCfg = Debug|Any CPU
		{FFA34905-DA9C-4A2D-B2AE-296AF36C5ED9}.Debug|Any CPU.Build.0 = Debug|Any CPU
		{FFA34905-DA9C-4A2D-B2AE-296AF36C5ED9}.Release|Any CPU.ActiveCfg = Release|Any CPU
		{FFA34905-DA9C-4A2D-B2AE-296AF36C5ED9}.Release|Any CPU.Build.0 = Release|Any CPU
		{07B66FA1-603B-4F2D-BF6A-1AE0FFD6E8B0}.Debug|Any CPU.ActiveCfg = Debug|Any CPU
		{07B66FA1-603B-4F2D-BF6A-1AE0FFD6E8B0}.Debug|Any CPU.Build.0 = Debug|Any CPU
		{07B66FA1-603B-4F2D-BF6A-1AE0FFD6E8B0}.Release|Any CPU.ActiveCfg = Release|Any CPU
		{07B66FA1-603B-4F2D-BF6A-1AE0FFD6E8B0}.Release|Any CPU.Build.0 = Release|Any CPU
		{6F032AB0-93AC-4A02-B9D9-80451002A650}.Debug|Any CPU.ActiveCfg = Debug|Any CPU
		{6F032AB0-93AC-4A02-B9D9-80451002A650}.Debug|Any CPU.Build.0 = Debug|Any CPU
		{6F032AB0-93AC-4A02-B9D9-80451002A650}.Release|Any CPU.ActiveCfg = Release|Any CPU
		{6F032AB0-93AC-4A02-B9D9-80451002A650}.Release|Any CPU.Build.0 = Release|Any CPU
		{4D814071-DBD7-418F-A511-4A7F06F9F5C0}.Debug|Any CPU.ActiveCfg = Debug|Any CPU
		{4D814071-DBD7-418F-A511-4A7F06F9F5C0}.Debug|Any CPU.Build.0 = Debug|Any CPU
		{4D814071-DBD7-418F-A511-4A7F06F9F5C0}.Release|Any CPU.ActiveCfg = Release|Any CPU
		{4D814071-DBD7-418F-A511-4A7F06F9F5C0}.Release|Any CPU.Build.0 = Release|Any CPU
		{4217C615-6962-4851-9EEC-81691F7B987C}.Debug|Any CPU.ActiveCfg = Debug|Any CPU
		{4217C615-6962-4851-9EEC-81691F7B987C}.Debug|Any CPU.Build.0 = Debug|Any CPU
		{4217C615-6962-4851-9EEC-81691F7B987C}.Release|Any CPU.ActiveCfg = Release|Any CPU
		{4217C615-6962-4851-9EEC-81691F7B987C}.Release|Any CPU.Build.0 = Release|Any CPU
		{CF02EC9C-D248-4F9D-97A3-1FAA81B51296}.Debug|Any CPU.ActiveCfg = Debug|Any CPU
		{CF02EC9C-D248-4F9D-97A3-1FAA81B51296}.Debug|Any CPU.Build.0 = Debug|Any CPU
		{CF02EC9C-D248-4F9D-97A3-1FAA81B51296}.Release|Any CPU.ActiveCfg = Release|Any CPU
		{CF02EC9C-D248-4F9D-97A3-1FAA81B51296}.Release|Any CPU.Build.0 = Release|Any CPU
		{4562A1E3-C9EB-4BC2-A13B-6FE54BB344FC}.Debug|Any CPU.ActiveCfg = Debug|Any CPU
		{4562A1E3-C9EB-4BC2-A13B-6FE54BB344FC}.Debug|Any CPU.Build.0 = Debug|Any CPU
		{4562A1E3-C9EB-4BC2-A13B-6FE54BB344FC}.Release|Any CPU.ActiveCfg = Release|Any CPU
		{4562A1E3-C9EB-4BC2-A13B-6FE54BB344FC}.Release|Any CPU.Build.0 = Release|Any CPU
		{1F5912C1-F900-418B-A35C-910DE05122DA}.Debug|Any CPU.ActiveCfg = Debug|Any CPU
		{1F5912C1-F900-418B-A35C-910DE05122DA}.Debug|Any CPU.Build.0 = Debug|Any CPU
		{1F5912C1-F900-418B-A35C-910DE05122DA}.Release|Any CPU.ActiveCfg = Release|Any CPU
		{1F5912C1-F900-418B-A35C-910DE05122DA}.Release|Any CPU.Build.0 = Release|Any CPU
		{18784E12-C77B-40DF-A5E9-35B6C181A02E}.Debug|Any CPU.ActiveCfg = Debug|Any CPU
		{18784E12-C77B-40DF-A5E9-35B6C181A02E}.Debug|Any CPU.Build.0 = Debug|Any CPU
		{18784E12-C77B-40DF-A5E9-35B6C181A02E}.Release|Any CPU.ActiveCfg = Release|Any CPU
		{18784E12-C77B-40DF-A5E9-35B6C181A02E}.Release|Any CPU.Build.0 = Release|Any CPU
		{4C277DB7-565A-494A-B948-07541C36AA96}.Debug|Any CPU.ActiveCfg = Debug|Any CPU
		{4C277DB7-565A-494A-B948-07541C36AA96}.Debug|Any CPU.Build.0 = Debug|Any CPU
		{4C277DB7-565A-494A-B948-07541C36AA96}.Release|Any CPU.ActiveCfg = Release|Any CPU
		{4C277DB7-565A-494A-B948-07541C36AA96}.Release|Any CPU.Build.0 = Release|Any CPU
		{962998A5-A11A-41AC-B09B-A59E4673F4DF}.Debug|Any CPU.ActiveCfg = Debug|Any CPU
		{962998A5-A11A-41AC-B09B-A59E4673F4DF}.Debug|Any CPU.Build.0 = Debug|Any CPU
		{962998A5-A11A-41AC-B09B-A59E4673F4DF}.Release|Any CPU.ActiveCfg = Release|Any CPU
		{962998A5-A11A-41AC-B09B-A59E4673F4DF}.Release|Any CPU.Build.0 = Release|Any CPU
		{394C9BD5-D445-4E1A-A0B0-9CBE841AD311}.Debug|Any CPU.ActiveCfg = Debug|Any CPU
		{394C9BD5-D445-4E1A-A0B0-9CBE841AD311}.Debug|Any CPU.Build.0 = Debug|Any CPU
		{394C9BD5-D445-4E1A-A0B0-9CBE841AD311}.Release|Any CPU.ActiveCfg = Release|Any CPU
		{394C9BD5-D445-4E1A-A0B0-9CBE841AD311}.Release|Any CPU.Build.0 = Release|Any CPU
		{4F41192C-10D4-495E-8824-F84BAC1356ED}.Debug|Any CPU.ActiveCfg = Debug|Any CPU
		{4F41192C-10D4-495E-8824-F84BAC1356ED}.Debug|Any CPU.Build.0 = Debug|Any CPU
		{4F41192C-10D4-495E-8824-F84BAC1356ED}.Release|Any CPU.ActiveCfg = Release|Any CPU
		{4F41192C-10D4-495E-8824-F84BAC1356ED}.Release|Any CPU.Build.0 = Release|Any CPU
		{DB07ECF0-7ECD-4DD0-A4FF-B0B660141AE5}.Debug|Any CPU.ActiveCfg = Debug|Any CPU
		{DB07ECF0-7ECD-4DD0-A4FF-B0B660141AE5}.Debug|Any CPU.Build.0 = Debug|Any CPU
		{DB07ECF0-7ECD-4DD0-A4FF-B0B660141AE5}.Release|Any CPU.ActiveCfg = Release|Any CPU
		{DB07ECF0-7ECD-4DD0-A4FF-B0B660141AE5}.Release|Any CPU.Build.0 = Release|Any CPU
		{9BE143F4-B63F-4109-AE50-E13C9B47BF00}.Debug|Any CPU.ActiveCfg = Debug|Any CPU
		{9BE143F4-B63F-4109-AE50-E13C9B47BF00}.Debug|Any CPU.Build.0 = Debug|Any CPU
		{9BE143F4-B63F-4109-AE50-E13C9B47BF00}.Release|Any CPU.ActiveCfg = Release|Any CPU
		{9BE143F4-B63F-4109-AE50-E13C9B47BF00}.Release|Any CPU.Build.0 = Release|Any CPU
		{E7BE7A81-F79A-4884-B15D-C7D95B085ED1}.Debug|Any CPU.ActiveCfg = Debug|Any CPU
		{E7BE7A81-F79A-4884-B15D-C7D95B085ED1}.Debug|Any CPU.Build.0 = Debug|Any CPU
		{E7BE7A81-F79A-4884-B15D-C7D95B085ED1}.Release|Any CPU.ActiveCfg = Release|Any CPU
		{E7BE7A81-F79A-4884-B15D-C7D95B085ED1}.Release|Any CPU.Build.0 = Release|Any CPU
		{2CD1AAA8-5564-40FB-B7CE-D8B9C1A5093A}.Debug|Any CPU.ActiveCfg = Debug|Any CPU
		{2CD1AAA8-5564-40FB-B7CE-D8B9C1A5093A}.Debug|Any CPU.Build.0 = Debug|Any CPU
		{2CD1AAA8-5564-40FB-B7CE-D8B9C1A5093A}.Release|Any CPU.ActiveCfg = Release|Any CPU
		{2CD1AAA8-5564-40FB-B7CE-D8B9C1A5093A}.Release|Any CPU.Build.0 = Release|Any CPU
		{1A62229E-B6F4-4D74-8DF6-F7E49BDF0715}.Debug|Any CPU.ActiveCfg = Debug|Any CPU
		{1A62229E-B6F4-4D74-8DF6-F7E49BDF0715}.Debug|Any CPU.Build.0 = Debug|Any CPU
		{1A62229E-B6F4-4D74-8DF6-F7E49BDF0715}.Release|Any CPU.ActiveCfg = Release|Any CPU
		{1A62229E-B6F4-4D74-8DF6-F7E49BDF0715}.Release|Any CPU.Build.0 = Release|Any CPU
		{ADD1DBE7-4281-4B26-B37C-114D855F1238}.Debug|Any CPU.ActiveCfg = Debug|Any CPU
		{ADD1DBE7-4281-4B26-B37C-114D855F1238}.Debug|Any CPU.Build.0 = Debug|Any CPU
		{ADD1DBE7-4281-4B26-B37C-114D855F1238}.Release|Any CPU.ActiveCfg = Release|Any CPU
		{ADD1DBE7-4281-4B26-B37C-114D855F1238}.Release|Any CPU.Build.0 = Release|Any CPU
		{115500CD-AA04-4922-8083-9C10DF45DAAE}.Debug|Any CPU.ActiveCfg = Debug|Any CPU
		{115500CD-AA04-4922-8083-9C10DF45DAAE}.Debug|Any CPU.Build.0 = Debug|Any CPU
		{115500CD-AA04-4922-8083-9C10DF45DAAE}.Release|Any CPU.ActiveCfg = Release|Any CPU
		{115500CD-AA04-4922-8083-9C10DF45DAAE}.Release|Any CPU.Build.0 = Release|Any CPU
		{8FC479FF-3381-4AD5-B931-F645B0788D71}.Debug|Any CPU.ActiveCfg = Debug|Any CPU
		{8FC479FF-3381-4AD5-B931-F645B0788D71}.Debug|Any CPU.Build.0 = Debug|Any CPU
		{8FC479FF-3381-4AD5-B931-F645B0788D71}.Release|Any CPU.ActiveCfg = Release|Any CPU
		{8FC479FF-3381-4AD5-B931-F645B0788D71}.Release|Any CPU.Build.0 = Release|Any CPU
	EndGlobalSection
	GlobalSection(SolutionProperties) = preSolution
		HideSolutionNode = FALSE
	EndGlobalSection
	GlobalSection(NestedProjects) = preSolution
		{BC80F00C-C9BC-4C4C-AC46-688E9FE1D631} = {631323E4-0A14-400A-8E40-0F953A35305A}
		{FFA34905-DA9C-4A2D-B2AE-296AF36C5ED9} = {B397AA7B-6A34-4C8F-94E3-7404060BB241}
		{07B66FA1-603B-4F2D-BF6A-1AE0FFD6E8B0} = {B397AA7B-6A34-4C8F-94E3-7404060BB241}
		{6F032AB0-93AC-4A02-B9D9-80451002A650} = {B397AA7B-6A34-4C8F-94E3-7404060BB241}
		{4D814071-DBD7-418F-A511-4A7F06F9F5C0} = {B397AA7B-6A34-4C8F-94E3-7404060BB241}
		{4217C615-6962-4851-9EEC-81691F7B987C} = {B397AA7B-6A34-4C8F-94E3-7404060BB241}
		{CF02EC9C-D248-4F9D-97A3-1FAA81B51296} = {B397AA7B-6A34-4C8F-94E3-7404060BB241}
		{4562A1E3-C9EB-4BC2-A13B-6FE54BB344FC} = {C848EF57-362F-4D7C-9D7B-35BDA7112201}
		{1F5912C1-F900-418B-A35C-910DE05122DA} = {3355F289-939D-4522-978A-9CB02736A36E}
		{18784E12-C77B-40DF-A5E9-35B6C181A02E} = {E9A38D6E-8CF2-405F-859C-3C5B042170C1}
		{4C277DB7-565A-494A-B948-07541C36AA96} = {592661FA-71BE-4B1F-9E70-1AAA59FCC92B}
		{962998A5-A11A-41AC-B09B-A59E4673F4DF} = {B397AA7B-6A34-4C8F-94E3-7404060BB241}
		{394C9BD5-D445-4E1A-A0B0-9CBE841AD311} = {B397AA7B-6A34-4C8F-94E3-7404060BB241}
		{4F41192C-10D4-495E-8824-F84BAC1356ED} = {B397AA7B-6A34-4C8F-94E3-7404060BB241}
		{DB07ECF0-7ECD-4DD0-A4FF-B0B660141AE5} = {C848EF57-362F-4D7C-9D7B-35BDA7112201}
		{9BE143F4-B63F-4109-AE50-E13C9B47BF00} = {3355F289-939D-4522-978A-9CB02736A36E}
		{E7BE7A81-F79A-4884-B15D-C7D95B085ED1} = {592661FA-71BE-4B1F-9E70-1AAA59FCC92B}
		{2CD1AAA8-5564-40FB-B7CE-D8B9C1A5093A} = {E9A38D6E-8CF2-405F-859C-3C5B042170C1}
		{1A62229E-B6F4-4D74-8DF6-F7E49BDF0715} = {B397AA7B-6A34-4C8F-94E3-7404060BB241}
		{ADD1DBE7-4281-4B26-B37C-114D855F1238} = {B397AA7B-6A34-4C8F-94E3-7404060BB241}
		{115500CD-AA04-4922-8083-9C10DF45DAAE} = {C848EF57-362F-4D7C-9D7B-35BDA7112201}
		{8FC479FF-3381-4AD5-B931-F645B0788D71} = {631323E4-0A14-400A-8E40-0F953A35305A}
	EndGlobalSection
	GlobalSection(ExtensibilityGlobals) = postSolution
		SolutionGuid = {4FDE614C-0A16-49DD-B37D-F0C4CDF3DD62}
	EndGlobalSection
EndGlobal
